// !$*UTF8*$!
{
	archiveVersion = 1;
	classes = {
	};
	objectVersion = 50;
	objects = {

/* Begin PBXBuildFile section */
		793F6BF3220E5EE7004B184F /* AppDelegate.swift in Sources */ = {isa = PBXBuildFile; fileRef = 793F6BF2220E5EE7004B184F /* AppDelegate.swift */; };
		793F6BF5220E5EE7004B184F /* ViewController.swift in Sources */ = {isa = PBXBuildFile; fileRef = 793F6BF4220E5EE7004B184F /* ViewController.swift */; };
		793F6BF8220E5EE7004B184F /* Main.storyboard in Resources */ = {isa = PBXBuildFile; fileRef = 793F6BF6220E5EE7004B184F /* Main.storyboard */; };
		793F6BFA220E5EE8004B184F /* Assets.xcassets in Resources */ = {isa = PBXBuildFile; fileRef = 793F6BF9220E5EE8004B184F /* Assets.xcassets */; };
		793F6BFD220E5EE8004B184F /* LaunchScreen.storyboard in Resources */ = {isa = PBXBuildFile; fileRef = 793F6BFB220E5EE8004B184F /* LaunchScreen.storyboard */; };
/* End PBXBuildFile section */

/* Begin PBXFileReference section */
		793F6BEF220E5EE7004B184F /* QuizNigth.app */ = {isa = PBXFileReference; explicitFileType = wrapper.application; includeInIndex = 0; path = QuizNigth.app; sourceTree = BUILT_PRODUCTS_DIR; };
		793F6BF2220E5EE7004B184F /* AppDelegate.swift */ = {isa = PBXFileReference; lastKnownFileType = sourcecode.swift; path = AppDelegate.swift; sourceTree = "<group>"; };
		793F6BF4220E5EE7004B184F /* ViewController.swift */ = {isa = PBXFileReference; lastKnownFileType = sourcecode.swift; path = ViewController.swift; sourceTree = "<group>"; };
		793F6BF7220E5EE7004B184F /* Base */ = {isa = PBXFileReference; lastKnownFileType = file.storyboard; name = Base; path = Base.lproj/Main.storyboard; sourceTree = "<group>"; };
		793F6BF9220E5EE8004B184F /* Assets.xcassets */ = {isa = PBXFileReference; lastKnownFileType = folder.assetcatalog; path = Assets.xcassets; sourceTree = "<group>"; };
		793F6BFC220E5EE8004B184F /* Base */ = {isa = PBXFileReference; lastKnownFileType = file.storyboard; name = Base; path = Base.lproj/LaunchScreen.storyboard; sourceTree = "<group>"; };
		793F6BFE220E5EE8004B184F /* Info.plist */ = {isa = PBXFileReference; lastKnownFileType = text.plist.xml; path = Info.plist; sourceTree = "<group>"; };
/* End PBXFileReference section */

/* Begin PBXFrameworksBuildPhase section */
		793F6BEC220E5EE7004B184F /* Frameworks */ = {
			isa = PBXFrameworksBuildPhase;
			buildActionMask = 2147483647;
			files = (
			);
			runOnlyForDeploymentPostprocessing = 0;
		};
/* End PBXFrameworksBuildPhase section */

/* Begin PBXGroup section */
		793F6BE6220E5EE7004B184F = {
			isa = PBXGroup;
			children = (
				793F6BF1220E5EE7004B184F /* QuizNigth */,
				793F6BF0220E5EE7004B184F /* Products */,
			);
			sourceTree = "<group>";
		};
		793F6BF0220E5EE7004B184F /* Products */ = {
			isa = PBXGroup;
			children = (
				793F6BEF220E5EE7004B184F /* QuizNigth.app */,
			);
			name = Products;
			sourceTree = "<group>";
		};
		793F6BF1220E5EE7004B184F /* QuizNigth */ = {
			isa = PBXGroup;
			children = (
				793F6BF2220E5EE7004B184F /* AppDelegate.swift */,
				793F6BF4220E5EE7004B184F /* ViewController.swift */,
				793F6BF6220E5EE7004B184F /* Main.storyboard */,
				793F6BF9220E5EE8004B184F /* Assets.xcassets */,
				793F6BFB220E5EE8004B184F /* LaunchScreen.storyboard */,
				793F6BFE220E5EE8004B184F /* Info.plist */,
			);
			path = QuizNigth;
			sourceTree = "<group>";
		};
/* End PBXGroup section */

/* Begin PBXNativeTarget section */
		793F6BEE220E5EE7004B184F /* QuizNigth */ = {
			isa = PBXNativeTarget;
			buildConfigurationList = 793F6C01220E5EE8004B184F /* Build configuration list for PBXNativeTarget "QuizNigth" */;
			buildPhases = (
				793F6BEB220E5EE7004B184F /* Sources */,
				793F6BEC220E5EE7004B184F /* Frameworks */,
				793F6BED220E5EE7004B184F /* Resources */,
			);
			buildRules = (
			);
			dependencies = (
			);
			name = QuizNigth;
			productName = QuizNigth;
			productReference = 793F6BEF220E5EE7004B184F /* QuizNigth.app */;
			productType = "com.apple.product-type.application";
		};
/* End PBXNativeTarget section */

/* Begin PBXProject section */
		793F6BE7220E5EE7004B184F /* Project object */ = {
			isa = PBXProject;
			attributes = {
				LastSwiftUpdateCheck = 1010;
				LastUpgradeCheck = 1010;
				ORGANIZATIONNAME = "Business Office";
				TargetAttributes = {
					793F6BEE220E5EE7004B184F = {
						CreatedOnToolsVersion = 10.1;
					};
				};
			};
			buildConfigurationList = 793F6BEA220E5EE7004B184F /* Build configuration list for PBXProject "QuizNigth" */;
			compatibilityVersion = "Xcode 9.3";
			developmentRegion = en;
			hasScannedForEncodings = 0;
			knownRegions = (
				en,
				Base,
			);
			mainGroup = 793F6BE6220E5EE7004B184F;
			productRefGroup = 793F6BF0220E5EE7004B184F /* Products */;
			projectDirPath = "";
			projectRoot = "";
			targets = (
				793F6BEE220E5EE7004B184F /* QuizNigth */,
			);
		};
/* End PBXProject section */

/* Begin PBXResourcesBuildPhase section */
		793F6BED220E5EE7004B184F /* Resources */ = {
			isa = PBXResourcesBuildPhase;
			buildActionMask = 2147483647;
			files = (
				793F6BFD220E5EE8004B184F /* LaunchScreen.storyboard in Resources */,
				793F6BFA220E5EE8004B184F /* Assets.xcassets in Resources */,
				793F6BF8220E5EE7004B184F /* Main.storyboard in Resources */,
			);
			runOnlyForDeploymentPostprocessing = 0;
		};
/* End PBXResourcesBuildPhase section */

/* Begin PBXSourcesBuildPhase section */
		793F6BEB220E5EE7004B184F /* Sources */ = {
			isa = PBXSourcesBuildPhase;
			buildActionMask = 2147483647;
			files = (
				793F6BF5220E5EE7004B184F /* ViewController.swift in Sources */,
				793F6BF3220E5EE7004B184F /* AppDelegate.swift in Sources */,
			);
			runOnlyForDeploymentPostprocessing = 0;
		};
/* End PBXSourcesBuildPhase section */

/* Begin PBXVariantGroup section */
		793F6BF6220E5EE7004B184F /* Main.storyboard */ = {
			isa = PBXVariantGroup;
			children = (
				793F6BF7220E5EE7004B184F /* Base */,
			);
			name = Main.storyboard;
			sourceTree = "<group>";
		};
		793F6BFB220E5EE8004B184F /* LaunchScreen.storyboard */ = {
			isa = PBXVariantGroup;
			children = (
				793F6BFC220E5EE8004B184F /* Base */,
			);
			name = LaunchScreen.storyboard;
			sourceTree = "<group>";
		};
/* End PBXVariantGroup section */

/* Begin XCBuildConfiguration section */
		793F6BFF220E5EE8004B184F /* Debug */ = {
			isa = XCBuildConfiguration;
			buildSettings = {
				ALWAYS_SEARCH_USER_PATHS = NO;
				CLANG_ANALYZER_NONNULL = YES;
				CLANG_ANALYZER_NUMBER_OBJECT_CONVERSION = YES_AGGRESSIVE;
				CLANG_CXX_LANGUAGE_STANDARD = "gnu++14";
				CLANG_CXX_LIBRARY = "libc++";
				CLANG_ENABLE_MODULES = YES;
				CLANG_ENABLE_OBJC_ARC = YES;
				CLANG_ENABLE_OBJC_WEAK = YES;
				CLANG_WARN_BLOCK_CAPTURE_AUTORELEASING = YES;
				CLANG_WARN_BOOL_CONVERSION = YES;
				CLANG_WARN_COMMA = YES;
				CLANG_WARN_CONSTANT_CONVERSION = YES;
				CLANG_WARN_DEPRECATED_OBJC_IMPLEMENTATIONS = YES;
				CLANG_WARN_DIRECT_OBJC_ISA_USAGE = YES_ERROR;
				CLANG_WARN_DOCUMENTATION_COMMENTS = YES;
				CLANG_WARN_EMPTY_BODY = YES;
				CLANG_WARN_ENUM_CONVERSION = YES;
				CLANG_WARN_INFINITE_RECURSION = YES;
				CLANG_WARN_INT_CONVERSION = YES;
				CLANG_WARN_NON_LITERAL_NULL_CONVERSION = YES;
				CLANG_WARN_OBJC_IMPLICIT_RETAIN_SELF = YES;
				CLANG_WARN_OBJC_LITERAL_CONVERSION = YES;
				CLANG_WARN_OBJC_ROOT_CLASS = YES_ERROR;
				CLANG_WARN_RANGE_LOOP_ANALYSIS = YES;
				CLANG_WARN_STRICT_PROTOTYPES = YES;
				CLANG_WARN_SUSPICIOUS_MOVE = YES;
				CLANG_WARN_UNGUARDED_AVAILABILITY = YES_AGGRESSIVE;
				CLANG_WARN_UNREACHABLE_CODE = YES;
				CLANG_WARN__DUPLICATE_METHOD_MATCH = YES;
				CODE_SIGN_IDENTITY = "iPhone Developer";
				COPY_PHASE_STRIP = NO;
				DEBUG_INFORMATION_FORMAT = dwarf;
				ENABLE_STRICT_OBJC_MSGSEND = YES;
				ENABLE_TESTABILITY = YES;
				GCC_C_LANGUAGE_STANDARD = gnu11;
				GCC_DYNAMIC_NO_PIC = NO;
				GCC_NO_COMMON_BLOCKS = YES;
				GCC_OPTIMIZATION_LEVEL = 0;
				GCC_PREPROCESSOR_DEFINITIONS = (
					"DEBUG=1",
					"$(inherited)",
				);
				GCC_WARN_64_TO_32_BIT_CONVERSION = YES;
				GCC_WARN_ABOUT_RETURN_TYPE = YES_ERROR;
				GCC_WARN_UNDECLARED_SELECTOR = YES;
				GCC_WARN_UNINITIALIZED_AUTOS = YES_AGGRESSIVE;
				GCC_WARN_UNUSED_FUNCTION = YES;
				GCC_WARN_UNUSED_VARIABLE = YES;
				IPHONEOS_DEPLOYMENT_TARGET = 12.1;
				MTL_ENABLE_DEBUG_INFO = INCLUDE_SOURCE;
				MTL_FAST_MATH = YES;
				ONLY_ACTIVE_ARCH = YES;
				SDKROOT = iphoneos;
				SWIFT_ACTIVE_COMPILATION_CONDITIONS = DEBUG;
				SWIFT_OPTIMIZATION_LEVEL = "-Onone";
			};
			name = Debug;
		};
		793F6C00220E5EE8004B184F /* Release */ = {
			isa = XCBuildConfiguration;
			buildSettings = {
				ALWAYS_SEARCH_USER_PATHS = NO;
				CLANG_ANALYZER_NONNULL = YES;
				CLANG_ANALYZER_NUMBER_OBJECT_CONVERSION = YES_AGGRESSIVE;
				CLANG_CXX_LANGUAGE_STANDARD = "gnu++14";
				CLANG_CXX_LIBRARY = "libc++";
				CLANG_ENABLE_MODULES = YES;
				CLANG_ENABLE_OBJC_ARC = YES;
				CLANG_ENABLE_OBJC_WEAK = YES;
				CLANG_WARN_BLOCK_CAPTURE_AUTORELEASING = YES;
				CLANG_WARN_BOOL_CONVERSION = YES;
				CLANG_WARN_COMMA = YES;
				CLANG_WARN_CONSTANT_CONVERSION = YES;
				CLANG_WARN_DEPRECATED_OBJC_IMPLEMENTATIONS = YES;
				CLANG_WARN_DIRECT_OBJC_ISA_USAGE = YES_ERROR;
				CLANG_WARN_DOCUMENTATION_COMMENTS = YES;
				CLANG_WARN_EMPTY_BODY = YES;
				CLANG_WARN_ENUM_CONVERSION = YES;
				CLANG_WARN_INFINITE_RECURSION = YES;
				CLANG_WARN_INT_CONVERSION = YES;
				CLANG_WARN_NON_LITERAL_NULL_CONVERSION = YES;
				CLANG_WARN_OBJC_IMPLICIT_RETAIN_SELF = YES;
				CLANG_WARN_OBJC_LITERAL_CONVERSION = YES;
				CLANG_WARN_OBJC_ROOT_CLASS = YES_ERROR;
				CLANG_WARN_RANGE_LOOP_ANALYSIS = YES;
				CLANG_WARN_STRICT_PROTOTYPES = YES;
				CLANG_WARN_SUSPICIOUS_MOVE = YES;
				CLANG_WARN_UNGUARDED_AVAILABILITY = YES_AGGRESSIVE;
				CLANG_WARN_UNREACHABLE_CODE = YES;
				CLANG_WARN__DUPLICATE_METHOD_MATCH = YES;
				CODE_SIGN_IDENTITY = "iPhone Developer";
				COPY_PHASE_STRIP = NO;
				DEBUG_INFORMATION_FORMAT = "dwarf-with-dsym";
				ENABLE_NS_ASSERTIONS = NO;
				ENABLE_STRICT_OBJC_MSGSEND = YES;
				GCC_C_LANGUAGE_STANDARD = gnu11;
				GCC_NO_COMMON_BLOCKS = YES;
				GCC_WARN_64_TO_32_BIT_CONVERSION = YES;
				GCC_WARN_ABOUT_RETURN_TYPE = YES_ERROR;
				GCC_WARN_UNDECLARED_SELECTOR = YES;
				GCC_WARN_UNINITIALIZED_AUTOS = YES_AGGRESSIVE;
				GCC_WARN_UNUSED_FUNCTION = YES;
				GCC_WARN_UNUSED_VARIABLE = YES;
				IPHONEOS_DEPLOYMENT_TARGET = 12.1;
				MTL_ENABLE_DEBUG_INFO = NO;
				MTL_FAST_MATH = YES;
				SDKROOT = iphoneos;
				SWIFT_COMPILATION_MODE = wholemodule;
				SWIFT_OPTIMIZATION_LEVEL = "-O";
				VALIDATE_PRODUCT = YES;
			};
			name = Release;
		};
		793F6C02220E5EE8004B184F /* Debug */ = {
			isa = XCBuildConfiguration;
			buildSettings = {
				ASSETCATALOG_COMPILER_APPICON_NAME = AppIcon;
				CODE_SIGN_STYLE = Automatic;
				DEVELOPMENT_TEAM = U7AHLV2F56;
				INFOPLIST_FILE = QuizNigth/Info.plist;
				LD_RUNPATH_SEARCH_PATHS = (
					"$(inherited)",
					"@executable_path/Frameworks",
				);
				PRODUCT_BUNDLE_IDENTIFIER = business.office.QuizNigth;
				PRODUCT_NAME = "$(TARGET_NAME)";
				SWIFT_VERSION = 4.2;
				TARGETED_DEVICE_FAMILY = "1,2";
			};
			name = Debug;
		};
		793F6C03220E5EE8004B184F /* Release */ = {
			isa = XCBuildConfiguration;
			buildSettings = {
				ASSETCATALOG_COMPILER_APPICON_NAME = AppIcon;
				CODE_SIGN_STYLE = Automatic;
				DEVELOPMENT_TEAM = U7AHLV2F56;
				INFOPLIST_FILE = QuizNigth/Info.plist;
				LD_RUNPATH_SEARCH_PATHS = (
					"$(inherited)",
					"@executable_path/Frameworks",
				);
				PRODUCT_BUNDLE_IDENTIFIER = business.office.QuizNigth;
				PRODUCT_NAME = "$(TARGET_NAME)";
				SWIFT_VERSION = 4.2;
				TARGETED_DEVICE_FAMILY = "1,2";
			};
			name = Release;
		};
/* End XCBuildConfiguration section */

/* Begin XCConfigurationList section */
		793F6BEA220E5EE7004B184F /* Build configuration list for PBXProject "QuizNigth" */ = {
			isa = XCConfigurationList;
			buildConfigurations = (
				793F6BFF220E5EE8004B184F /* Debug */,
				793F6C00220E5EE8004B184F /* Release */,
			);
			defaultConfigurationIsVisible = 0;
			defaultConfigurationName = Release;
		};
		793F6C01220E5EE8004B184F /* Build configuration list for PBXNativeTarget "QuizNigth" */ = {
			isa = XCConfigurationList;
			buildConfigurations = (
				793F6C02220E5EE8004B184F /* Debug */,
				793F6C03220E5EE8004B184F /* Release */,
			);
			defaultConfigurationIsVisible = 0;
			defaultConfigurationName = Release;
		};
/* End XCConfigurationList section */
	};
	rootObject = 793F6BE7220E5EE7004B184F /* Project object */;
}
